// !$*UTF8*$!
{
	archiveVersion = 1;
	classes = {
	};
	objectVersion = 55;
	objects = {

/* Begin PBXBuildFile section */
		622A79EA27FF3BF500AF4855 /* main.swift in Sources */ = {isa = PBXBuildFile; fileRef = 622A79E927FF3BF500AF4855 /* main.swift */; };
		623A6B8F27FF3C9800DB4AF8 /* AddTwoNumbers.swift in Sources */ = {isa = PBXBuildFile; fileRef = 623A6B8E27FF3C9800DB4AF8 /* AddTwoNumbers.swift */; };
		623A6B9128009B4A00DB4AF8 /* PalindromNumbers.swift in Sources */ = {isa = PBXBuildFile; fileRef = 623A6B9028009B4A00DB4AF8 /* PalindromNumbers.swift */; };
		623A6B93280197CC00DB4AF8 /* RomanToInteger.swift in Sources */ = {isa = PBXBuildFile; fileRef = 623A6B92280197CC00DB4AF8 /* RomanToInteger.swift */; };
		623A6B952801A92200DB4AF8 /* LongestSubstringWithoutRepeatingCharacters.swift in Sources */ = {isa = PBXBuildFile; fileRef = 623A6B942801A92200DB4AF8 /* LongestSubstringWithoutRepeatingCharacters.swift */; };
		62CFBB272805EC8E00A4FEE1 /* LongestCommonPrefix.swift in Sources */ = {isa = PBXBuildFile; fileRef = 62CFBB262805EC8E00A4FEE1 /* LongestCommonPrefix.swift */; };
		62CFBB292805F55C00A4FEE1 /* ValidParentheses.swift in Sources */ = {isa = PBXBuildFile; fileRef = 62CFBB282805F55C00A4FEE1 /* ValidParentheses.swift */; };
/* End PBXBuildFile section */

/* Begin PBXCopyFilesBuildPhase section */
		622A79E427FF3BF500AF4855 /* CopyFiles */ = {
			isa = PBXCopyFilesBuildPhase;
			buildActionMask = 2147483647;
			dstPath = /usr/share/man/man1/;
			dstSubfolderSpec = 0;
			files = (
			);
			runOnlyForDeploymentPostprocessing = 1;
		};
/* End PBXCopyFilesBuildPhase section */

/* Begin PBXFileReference section */
		622A79E627FF3BF500AF4855 /* LeetCodeV2 */ = {isa = PBXFileReference; explicitFileType = "compiled.mach-o.executable"; includeInIndex = 0; path = LeetCodeV2; sourceTree = BUILT_PRODUCTS_DIR; };
		622A79E927FF3BF500AF4855 /* main.swift */ = {isa = PBXFileReference; lastKnownFileType = sourcecode.swift; path = main.swift; sourceTree = "<group>"; };
		623A6B8E27FF3C9800DB4AF8 /* AddTwoNumbers.swift */ = {isa = PBXFileReference; lastKnownFileType = sourcecode.swift; path = AddTwoNumbers.swift; sourceTree = "<group>"; };
		623A6B9028009B4A00DB4AF8 /* PalindromNumbers.swift */ = {isa = PBXFileReference; lastKnownFileType = sourcecode.swift; path = PalindromNumbers.swift; sourceTree = "<group>"; };
		623A6B92280197CC00DB4AF8 /* RomanToInteger.swift */ = {isa = PBXFileReference; lastKnownFileType = sourcecode.swift; path = RomanToInteger.swift; sourceTree = "<group>"; };
		623A6B942801A92200DB4AF8 /* LongestSubstringWithoutRepeatingCharacters.swift */ = {isa = PBXFileReference; lastKnownFileType = sourcecode.swift; path = LongestSubstringWithoutRepeatingCharacters.swift; sourceTree = "<group>"; };
		62CFBB262805EC8E00A4FEE1 /* LongestCommonPrefix.swift */ = {isa = PBXFileReference; lastKnownFileType = sourcecode.swift; path = LongestCommonPrefix.swift; sourceTree = "<group>"; };
		62CFBB282805F55C00A4FEE1 /* ValidParentheses.swift */ = {isa = PBXFileReference; lastKnownFileType = sourcecode.swift; path = ValidParentheses.swift; sourceTree = "<group>"; };
/* End PBXFileReference section */

/* Begin PBXFrameworksBuildPhase section */
		622A79E327FF3BF500AF4855 /* Frameworks */ = {
			isa = PBXFrameworksBuildPhase;
			buildActionMask = 2147483647;
			files = (
			);
			runOnlyForDeploymentPostprocessing = 0;
		};
/* End PBXFrameworksBuildPhase section */

/* Begin PBXGroup section */
		622A79DD27FF3BF500AF4855 = {
			isa = PBXGroup;
			children = (
				622A79E827FF3BF500AF4855 /* LeetCode */,
				622A79E727FF3BF500AF4855 /* Products */,
			);
			sourceTree = "<group>";
		};
		622A79E727FF3BF500AF4855 /* Products */ = {
			isa = PBXGroup;
			children = (
				622A79E627FF3BF500AF4855 /* LeetCodeV2 */,
			);
			name = Products;
			sourceTree = "<group>";
		};
		622A79E827FF3BF500AF4855 /* LeetCode */ = {
			isa = PBXGroup;
			children = (
				622A79E927FF3BF500AF4855 /* main.swift */,
				623A6B8E27FF3C9800DB4AF8 /* AddTwoNumbers.swift */,
				623A6B9028009B4A00DB4AF8 /* PalindromNumbers.swift */,
				623A6B92280197CC00DB4AF8 /* RomanToInteger.swift */,
				623A6B942801A92200DB4AF8 /* LongestSubstringWithoutRepeatingCharacters.swift */,
				62CFBB262805EC8E00A4FEE1 /* LongestCommonPrefix.swift */,
				62CFBB282805F55C00A4FEE1 /* ValidParentheses.swift */,
			);
			path = LeetCode;
			sourceTree = "<group>";
		};
/* End PBXGroup section */

/* Begin PBXNativeTarget section */
		622A79E527FF3BF500AF4855 /* LeetCodeV2 */ = {
			isa = PBXNativeTarget;
			buildConfigurationList = 622A79ED27FF3BF500AF4855 /* Build configuration list for PBXNativeTarget "LeetCodeV2" */;
			buildPhases = (
				622A79E227FF3BF500AF4855 /* Sources */,
				622A79E327FF3BF500AF4855 /* Frameworks */,
				622A79E427FF3BF500AF4855 /* CopyFiles */,
			);
			buildRules = (
			);
			dependencies = (
			);
			name = LeetCodeV2;
			productName = LeetCodeV2;
			productReference = 622A79E627FF3BF500AF4855 /* LeetCodeV2 */;
			productType = "com.apple.product-type.tool";
		};
/* End PBXNativeTarget section */

/* Begin PBXProject section */
		622A79DE27FF3BF500AF4855 /* Project object */ = {
			isa = PBXProject;
			attributes = {
				BuildIndependentTargetsInParallel = 1;
				LastSwiftUpdateCheck = 1330;
				LastUpgradeCheck = 1330;
				TargetAttributes = {
					622A79E527FF3BF500AF4855 = {
						CreatedOnToolsVersion = 13.3;
					};
				};
			};
			buildConfigurationList = 622A79E127FF3BF500AF4855 /* Build configuration list for PBXProject "LeetCode" */;
			compatibilityVersion = "Xcode 13.0";
			developmentRegion = en;
			hasScannedForEncodings = 0;
			knownRegions = (
				en,
				Base,
			);
			mainGroup = 622A79DD27FF3BF500AF4855;
			productRefGroup = 622A79E727FF3BF500AF4855 /* Products */;
			projectDirPath = "";
			projectRoot = "";
			targets = (
				622A79E527FF3BF500AF4855 /* LeetCodeV2 */,
			);
		};
/* End PBXProject section */

/* Begin PBXSourcesBuildPhase section */
		622A79E227FF3BF500AF4855 /* Sources */ = {
			isa = PBXSourcesBuildPhase;
			buildActionMask = 2147483647;
			files = (
				622A79EA27FF3BF500AF4855 /* main.swift in Sources */,
				62CFBB272805EC8E00A4FEE1 /* LongestCommonPrefix.swift in Sources */,
				623A6B93280197CC00DB4AF8 /* RomanToInteger.swift in Sources */,
				623A6B8F27FF3C9800DB4AF8 /* AddTwoNumbers.swift in Sources */,
				623A6B952801A92200DB4AF8 /* LongestSubstringWithoutRepeatingCharacters.swift in Sources */,
				623A6B9128009B4A00DB4AF8 /* PalindromNumbers.swift in Sources */,
				62CFBB292805F55C00A4FEE1 /* ValidParentheses.swift in Sources */,
			);
			runOnlyForDeploymentPostprocessing = 0;
		};
/* End PBXSourcesBuildPhase section */

/* Begin XCBuildConfiguration section */
		622A79EB27FF3BF500AF4855 /* Debug */ = {
			isa = XCBuildConfiguration;
			buildSettings = {
				ALWAYS_SEARCH_USER_PATHS = NO;
				CLANG_ANALYZER_NONNULL = YES;
				CLANG_ANALYZER_NUMBER_OBJECT_CONVERSION = YES_AGGRESSIVE;
				CLANG_CXX_LANGUAGE_STANDARD = "gnu++17";
				CLANG_ENABLE_MODULES = YES;
				CLANG_ENABLE_OBJC_ARC = YES;
				CLANG_ENABLE_OBJC_WEAK = YES;
				CLANG_WARN_BLOCK_CAPTURE_AUTORELEASING = YES;
				CLANG_WARN_BOOL_CONVERSION = YES;
				CLANG_WARN_COMMA = YES;
				CLANG_WARN_CONSTANT_CONVERSION = YES;
				CLANG_WARN_DEPRECATED_OBJC_IMPLEMENTATIONS = YES;
				CLANG_WARN_DIRECT_OBJC_ISA_USAGE = YES_ERROR;
				CLANG_WARN_DOCUMENTATION_COMMENTS = YES;
				CLANG_WARN_EMPTY_BODY = YES;
				CLANG_WARN_ENUM_CONVERSION = YES;
				CLANG_WARN_INFINITE_RECURSION = YES;
				CLANG_WARN_INT_CONVERSION = YES;
				CLANG_WARN_NON_LITERAL_NULL_CONVERSION = YES;
				CLANG_WARN_OBJC_IMPLICIT_RETAIN_SELF = YES;
				CLANG_WARN_OBJC_LITERAL_CONVERSION = YES;
				CLANG_WARN_OBJC_ROOT_CLASS = YES_ERROR;
				CLANG_WARN_QUOTED_INCLUDE_IN_FRAMEWORK_HEADER = YES;
				CLANG_WARN_RANGE_LOOP_ANALYSIS = YES;
				CLANG_WARN_STRICT_PROTOTYPES = YES;
				CLANG_WARN_SUSPICIOUS_MOVE = YES;
				CLANG_WARN_UNGUARDED_AVAILABILITY = YES_AGGRESSIVE;
				CLANG_WARN_UNREACHABLE_CODE = YES;
				CLANG_WARN__DUPLICATE_METHOD_MATCH = YES;
				COPY_PHASE_STRIP = NO;
				DEBUG_INFORMATION_FORMAT = dwarf;
				ENABLE_STRICT_OBJC_MSGSEND = YES;
				ENABLE_TESTABILITY = YES;
				GCC_C_LANGUAGE_STANDARD = gnu11;
				GCC_DYNAMIC_NO_PIC = NO;
				GCC_NO_COMMON_BLOCKS = YES;
				GCC_OPTIMIZATION_LEVEL = 0;
				GCC_PREPROCESSOR_DEFINITIONS = (
					"DEBUG=1",
					"$(inherited)",
				);
				GCC_WARN_64_TO_32_BIT_CONVERSION = YES;
				GCC_WARN_ABOUT_RETURN_TYPE = YES_ERROR;
				GCC_WARN_UNDECLARED_SELECTOR = YES;
				GCC_WARN_UNINITIALIZED_AUTOS = YES_AGGRESSIVE;
				GCC_WARN_UNUSED_FUNCTION = YES;
				GCC_WARN_UNUSED_VARIABLE = YES;
				MACOSX_DEPLOYMENT_TARGET = 12.2;
				MTL_ENABLE_DEBUG_INFO = INCLUDE_SOURCE;
				MTL_FAST_MATH = YES;
				ONLY_ACTIVE_ARCH = YES;
				SDKROOT = macosx;
				SWIFT_ACTIVE_COMPILATION_CONDITIONS = DEBUG;
				SWIFT_OPTIMIZATION_LEVEL = "-Onone";
			};
			name = Debug;
		};
		622A79EC27FF3BF500AF4855 /* Release */ = {
			isa = XCBuildConfiguration;
			buildSettings = {
				ALWAYS_SEARCH_USER_PATHS = NO;
				CLANG_ANALYZER_NONNULL = YES;
				CLANG_ANALYZER_NUMBER_OBJECT_CONVERSION = YES_AGGRESSIVE;
				CLANG_CXX_LANGUAGE_STANDARD = "gnu++17";
				CLANG_ENABLE_MODULES = YES;
				CLANG_ENABLE_OBJC_ARC = YES;
				CLANG_ENABLE_OBJC_WEAK = YES;
				CLANG_WARN_BLOCK_CAPTURE_AUTORELEASING = YES;
				CLANG_WARN_BOOL_CONVERSION = YES;
				CLANG_WARN_COMMA = YES;
				CLANG_WARN_CONSTANT_CONVERSION = YES;
				CLANG_WARN_DEPRECATED_OBJC_IMPLEMENTATIONS = YES;
				CLANG_WARN_DIRECT_OBJC_ISA_USAGE = YES_ERROR;
				CLANG_WARN_DOCUMENTATION_COMMENTS = YES;
				CLANG_WARN_EMPTY_BODY = YES;
				CLANG_WARN_ENUM_CONVERSION = YES;
				CLANG_WARN_INFINITE_RECURSION = YES;
				CLANG_WARN_INT_CONVERSION = YES;
				CLANG_WARN_NON_LITERAL_NULL_CONVERSION = YES;
				CLANG_WARN_OBJC_IMPLICIT_RETAIN_SELF = YES;
				CLANG_WARN_OBJC_LITERAL_CONVERSION = YES;
				CLANG_WARN_OBJC_ROOT_CLASS = YES_ERROR;
				CLANG_WARN_QUOTED_INCLUDE_IN_FRAMEWORK_HEADER = YES;
				CLANG_WARN_RANGE_LOOP_ANALYSIS = YES;
				CLANG_WARN_STRICT_PROTOTYPES = YES;
				CLANG_WARN_SUSPICIOUS_MOVE = YES;
				CLANG_WARN_UNGUARDED_AVAILABILITY = YES_AGGRESSIVE;
				CLANG_WARN_UNREACHABLE_CODE = YES;
				CLANG_WARN__DUPLICATE_METHOD_MATCH = YES;
				COPY_PHASE_STRIP = NO;
				DEBUG_INFORMATION_FORMAT = "dwarf-with-dsym";
				ENABLE_NS_ASSERTIONS = NO;
				ENABLE_STRICT_OBJC_MSGSEND = YES;
				GCC_C_LANGUAGE_STANDARD = gnu11;
				GCC_NO_COMMON_BLOCKS = YES;
				GCC_WARN_64_TO_32_BIT_CONVERSION = YES;
				GCC_WARN_ABOUT_RETURN_TYPE = YES_ERROR;
				GCC_WARN_UNDECLARED_SELECTOR = YES;
				GCC_WARN_UNINITIALIZED_AUTOS = YES_AGGRESSIVE;
				GCC_WARN_UNUSED_FUNCTION = YES;
				GCC_WARN_UNUSED_VARIABLE = YES;
				MACOSX_DEPLOYMENT_TARGET = 12.2;
				MTL_ENABLE_DEBUG_INFO = NO;
				MTL_FAST_MATH = YES;
				SDKROOT = macosx;
				SWIFT_COMPILATION_MODE = wholemodule;
				SWIFT_OPTIMIZATION_LEVEL = "-O";
			};
			name = Release;
		};
		622A79EE27FF3BF500AF4855 /* Debug */ = {
			isa = XCBuildConfiguration;
			buildSettings = {
				CODE_SIGN_STYLE = Automatic;
				DEVELOPMENT_TEAM = VABTQXHL78;
				ENABLE_HARDENED_RUNTIME = YES;
				PRODUCT_NAME = "$(TARGET_NAME)";
				SWIFT_VERSION = 5.0;
			};
			name = Debug;
		};
		622A79EF27FF3BF500AF4855 /* Release */ = {
			isa = XCBuildConfiguration;
			buildSettings = {
				CODE_SIGN_STYLE = Automatic;
				DEVELOPMENT_TEAM = VABTQXHL78;
				ENABLE_HARDENED_RUNTIME = YES;
				PRODUCT_NAME = "$(TARGET_NAME)";
				SWIFT_VERSION = 5.0;
			};
			name = Release;
		};
/* End XCBuildConfiguration section */

/* Begin XCConfigurationList section */
		622A79E127FF3BF500AF4855 /* Build configuration list for PBXProject "LeetCode" */ = {
			isa = XCConfigurationList;
			buildConfigurations = (
				622A79EB27FF3BF500AF4855 /* Debug */,
				622A79EC27FF3BF500AF4855 /* Release */,
			);
			defaultConfigurationIsVisible = 0;
			defaultConfigurationName = Release;
		};
		622A79ED27FF3BF500AF4855 /* Build configuration list for PBXNativeTarget "LeetCodeV2" */ = {
			isa = XCConfigurationList;
			buildConfigurations = (
				622A79EE27FF3BF500AF4855 /* Debug */,
				622A79EF27FF3BF500AF4855 /* Release */,
			);
			defaultConfigurationIsVisible = 0;
			defaultConfigurationName = Release;
		};
/* End XCConfigurationList section */
	};
	rootObject = 622A79DE27FF3BF500AF4855 /* Project object */;
}
